
Microsoft Visual Studio Solution File, Format Version 12.00
# Visual Studio Version 17
VisualStudioVersion = 17.3.32901.215
MinimumVisualStudioVersion = 10.0.40219.1
Project("{FAE04EC0-301F-11D3-BF4B-00C04F79EFBC}") = "EjemploDataAdapter", "EjemploDataAdapter\EjemploDataAdapter.csproj", "{675CF151-2D15-4C29-85C1-4963AAC79708}"
EndProject
Global
	GlobalSection(SolutionConfigurationPlatforms) = preSolution
		Debug|Any CPU = Debug|Any CPU
		Release|Any CPU = Release|Any CPU
	EndGlobalSection
	GlobalSection(ProjectConfigurationPlatforms) = postSolution
		{675CF151-2D15-4C29-85C1-4963AAC79708}.Debug|Any CPU.ActiveCfg = Debug|Any CPU
		{675CF151-2D15-4C29-85C1-4963AAC79708}.Debug|Any CPU.Build.0 = Debug|Any CPU
		{675CF151-2D15-4C29-85C1-4963AAC79708}.Release|Any CPU.ActiveCfg = Release|Any CPU
		{675CF151-2D15-4C29-85C1-4963AAC79708}.Release|Any CPU.Build.0 = Release|Any CPU
	EndGlobalSection
	GlobalSection(SolutionProperties) = preSolution
		HideSolutionNode = FALSE
	EndGlobalSection
	GlobalSection(ExtensibilityGlobals) = postSolution
		SolutionGuid = {518C189D-9429-4432-A0F9-DBBF9F80343A}
	EndGlobalSection
EndGlobal
